
Microsoft Visual Studio Solution File, Format Version 11.00
# Visual Studio 2010
Project("{F2A71F9B-5D33-465A-A702-920D77279786}") = "Parsor", "Parsor\Parsor.fsproj", "{5BDDEC97-1CFC-4AC2-8610-8B703B5DF6EF}"
EndProject
Project("{F2A71F9B-5D33-465A-A702-920D77279786}") = "Kalkulator", "Kalkulator\Kalkulator.fsproj", "{24D3C798-0812-4B98-BF5F-46A8059C8395}"
EndProject
Global
	GlobalSection(SolutionConfigurationPlatforms) = preSolution
		Debug|Any CPU = Debug|Any CPU
		Debug|Mixed Platforms = Debug|Mixed Platforms
		Debug|x86 = Debug|x86
		Release|Any CPU = Release|Any CPU
		Release|Mixed Platforms = Release|Mixed Platforms
		Release|x86 = Release|x86
	EndGlobalSection
	GlobalSection(ProjectConfigurationPlatforms) = postSolution
		{5BDDEC97-1CFC-4AC2-8610-8B703B5DF6EF}.Debug|Any CPU.ActiveCfg = Debug|Any CPU
		{5BDDEC97-1CFC-4AC2-8610-8B703B5DF6EF}.Debug|Any CPU.Build.0 = Debug|Any CPU
		{5BDDEC97-1CFC-4AC2-8610-8B703B5DF6EF}.Debug|Mixed Platforms.ActiveCfg = Debug|Any CPU
		{5BDDEC97-1CFC-4AC2-8610-8B703B5DF6EF}.Debug|Mixed Platforms.Build.0 = Debug|Any CPU
		{5BDDEC97-1CFC-4AC2-8610-8B703B5DF6EF}.Debug|x86.ActiveCfg = Debug|Any CPU
		{5BDDEC97-1CFC-4AC2-8610-8B703B5DF6EF}.Release|Any CPU.ActiveCfg = Release|Any CPU
		{5BDDEC97-1CFC-4AC2-8610-8B703B5DF6EF}.Release|Any CPU.Build.0 = Release|Any CPU
		{5BDDEC97-1CFC-4AC2-8610-8B703B5DF6EF}.Release|Mixed Platforms.ActiveCfg = Release|Any CPU
		{5BDDEC97-1CFC-4AC2-8610-8B703B5DF6EF}.Release|Mixed Platforms.Build.0 = Release|Any CPU
		{5BDDEC97-1CFC-4AC2-8610-8B703B5DF6EF}.Release|x86.ActiveCfg = Release|Any CPU
		{24D3C798-0812-4B98-BF5F-46A8059C8395}.Debug|Any CPU.ActiveCfg = Debug|x86
		{24D3C798-0812-4B98-BF5F-46A8059C8395}.Debug|Mixed Platforms.ActiveCfg = Debug|x86
		{24D3C798-0812-4B98-BF5F-46A8059C8395}.Debug|Mixed Platforms.Build.0 = Debug|x86
		{24D3C798-0812-4B98-BF5F-46A8059C8395}.Debug|x86.ActiveCfg = Debug|x86
		{24D3C798-0812-4B98-BF5F-46A8059C8395}.Debug|x86.Build.0 = Debug|x86
		{24D3C798-0812-4B98-BF5F-46A8059C8395}.Release|Any CPU.ActiveCfg = Release|x86
		{24D3C798-0812-4B98-BF5F-46A8059C8395}.Release|Mixed Platforms.ActiveCfg = Release|x86
		{24D3C798-0812-4B98-BF5F-46A8059C8395}.Release|Mixed Platforms.Build.0 = Release|x86
		{24D3C798-0812-4B98-BF5F-46A8059C8395}.Release|x86.ActiveCfg = Release|x86
		{24D3C798-0812-4B98-BF5F-46A8059C8395}.Release|x86.Build.0 = Release|x86
	EndGlobalSection
	GlobalSection(SolutionProperties) = preSolution
		HideSolutionNode = FALSE
	EndGlobalSection
EndGlobal
